
Microsoft Visual Studio Solution File, Format Version 12.00
# Visual Studio 2013
VisualStudioVersion = 12.0.31101.0
MinimumVisualStudioVersion = 10.0.40219.1
Project("{FAE04EC0-301F-11D3-BF4B-00C04F79EFBC}") = "Img.SironaData", "Img.SironaData\Img.SironaData.csproj", "{507D0FA5-82EA-40F5-9851-B9DA4EF8826F}"
EndProject
Project("{FAE04EC0-301F-11D3-BF4B-00C04F79EFBC}") = "Img.JobLogData", "Img.JobLogData\Img.JobLogData.csproj", "{79B2FCBB-EE1F-4867-890B-E7404FD83C12}"
EndProject
Project("{FAE04EC0-301F-11D3-BF4B-00C04F79EFBC}") = "Img.SaasAPIRequest", "Img.SaasAPIRequest\Img.SaasAPIRequest.csproj", "{588DA574-1178-48BB-9FBA-288B5C50EBD7}"
EndProject
Project("{FAE04EC0-301F-11D3-BF4B-00C04F79EFBC}") = "ImgAutoUploadService", "ImgAutoUploadService\ImgAutoUploadService.csproj", "{03105599-E84C-49BD-9D1E-A5A3E209A15D}"
EndProject
Project("{FAE04EC0-301F-11D3-BF4B-00C04F79EFBC}") = "Img.ManualUpload", "Img.ManualUpload\Img.ManualUpload.csproj", "{4C348AD3-8EFE-4447-9DA9-E89D7AFFA3D4}"
EndProject
Project("{2150E333-8FDC-42A3-9474-1A3956D46DE8}") = "Data", "Data", "{62637F34-DADB-4BBF-AAED-6D91CAD7F8E4}"
EndProject
Project("{FAE04EC0-301F-11D3-BF4B-00C04F79EFBC}") = "Img.Model", "Img.Model\Img.Model.csproj", "{3658CD26-7287-4C22-B07A-943F78CF75D3}"
EndProject
Project("{FAE04EC0-301F-11D3-BF4B-00C04F79EFBC}") = "Img.DataService", "Img.DataService\Img.DataService.csproj", "{2B184FAF-3C67-4B50-9371-0E42CE3B020F}"
EndProject
Project("{FAE04EC0-301F-11D3-BF4B-00C04F79EFBC}") = "Img.UnitTest", "Img.UnitTest\Img.UnitTest.csproj", "{A27C878A-FCFC-41C5-8CB6-D89259296ADA}"
EndProject
Project("{2150E333-8FDC-42A3-9474-1A3956D46DE8}") = "Test", "Test", "{B1186199-6E38-4B3F-9AC6-7B29B4358B2F}"
EndProject
Project("{FAE04EC0-301F-11D3-BF4B-00C04F79EFBC}") = "ImgConfigurationView", "ImgConfigurationView\ImgConfigurationView.csproj", "{5850BCB1-2A2E-496D-9F20-7185EE324B2D}"
EndProject
Project("{FAE04EC0-301F-11D3-BF4B-00C04F79EFBC}") = "Img.Config", "Img.Config\Img.Config.csproj", "{9D289E42-4074-48D8-B25E-FE63BAF3565F}"
EndProject
Project("{2150E333-8FDC-42A3-9474-1A3956D46DE8}") = "Common", "Common", "{C2885EA6-EA10-41AE-B752-9FE527D9AB4E}"
EndProject
Project("{FAE04EC0-301F-11D3-BF4B-00C04F79EFBC}") = "Img.NLog", "Img.NLog\Img.NLog.csproj", "{EDF85B7C-AA08-4512-B5CC-DD9F956346CE}"
EndProject
Project("{2150E333-8FDC-42A3-9474-1A3956D46DE8}") = "Plugin", "Plugin", "{16F881F2-CF57-4298-924C-92BDD29C1812}"
EndProject
Project("{2150E333-8FDC-42A3-9474-1A3956D46DE8}") = "Service", "Service", "{927272D3-10FE-494B-B893-8453A7523C8B}"
EndProject
Project("{2150E333-8FDC-42A3-9474-1A3956D46DE8}") = "Application", "Application", "{BABB70FA-893E-49C1-8162-17B5BA2A1EDF}"
EndProject
Project("{FAE04EC0-301F-11D3-BF4B-00C04F79EFBC}") = "Img.EasyDent", "Img.EasyDent\Img.EasyDent.csproj", "{74029B8A-EB24-4B3A-B7F8-403BE90A3C1E}"
EndProject
Project("{FAE04EC0-301F-11D3-BF4B-00C04F79EFBC}") = "Img.PointNix", "Img.PointNix\Img.PointNix.csproj", "{85258DDF-A2C6-4868-A9E3-213CA73CAD78}"
EndProject
Project("{FAE04EC0-301F-11D3-BF4B-00C04F79EFBC}") = "Img.DBSwin", "Img.DBSwin\Img.DBSwin.csproj", "{F88D4EDE-ED86-4FC0-946C-3BE9D5244CF3}"
EndProject
Global
	GlobalSection(SolutionConfigurationPlatforms) = preSolution
		Debug|Any CPU = Debug|Any CPU
		Debug|x86 = Debug|x86
		Release|Any CPU = Release|Any CPU
		Release|x86 = Release|x86
	EndGlobalSection
	GlobalSection(ProjectConfigurationPlatforms) = postSolution
		{507D0FA5-82EA-40F5-9851-B9DA4EF8826F}.Debug|Any CPU.ActiveCfg = Debug|Any CPU
		{507D0FA5-82EA-40F5-9851-B9DA4EF8826F}.Debug|Any CPU.Build.0 = Debug|Any CPU
		{507D0FA5-82EA-40F5-9851-B9DA4EF8826F}.Debug|x86.ActiveCfg = Debug|x86
		{507D0FA5-82EA-40F5-9851-B9DA4EF8826F}.Debug|x86.Build.0 = Debug|x86
		{507D0FA5-82EA-40F5-9851-B9DA4EF8826F}.Release|Any CPU.ActiveCfg = Release|Any CPU
		{507D0FA5-82EA-40F5-9851-B9DA4EF8826F}.Release|Any CPU.Build.0 = Release|Any CPU
		{507D0FA5-82EA-40F5-9851-B9DA4EF8826F}.Release|x86.ActiveCfg = Release|x86
		{507D0FA5-82EA-40F5-9851-B9DA4EF8826F}.Release|x86.Build.0 = Release|x86
		{79B2FCBB-EE1F-4867-890B-E7404FD83C12}.Debug|Any CPU.ActiveCfg = Debug|Any CPU
		{79B2FCBB-EE1F-4867-890B-E7404FD83C12}.Debug|Any CPU.Build.0 = Debug|Any CPU
		{79B2FCBB-EE1F-4867-890B-E7404FD83C12}.Debug|x86.ActiveCfg = Debug|x86
		{79B2FCBB-EE1F-4867-890B-E7404FD83C12}.Debug|x86.Build.0 = Debug|x86
		{79B2FCBB-EE1F-4867-890B-E7404FD83C12}.Release|Any CPU.ActiveCfg = Release|Any CPU
		{79B2FCBB-EE1F-4867-890B-E7404FD83C12}.Release|Any CPU.Build.0 = Release|Any CPU
		{79B2FCBB-EE1F-4867-890B-E7404FD83C12}.Release|x86.ActiveCfg = Release|x86
		{79B2FCBB-EE1F-4867-890B-E7404FD83C12}.Release|x86.Build.0 = Release|x86
		{588DA574-1178-48BB-9FBA-288B5C50EBD7}.Debug|Any CPU.ActiveCfg = Debug|Any CPU
		{588DA574-1178-48BB-9FBA-288B5C50EBD7}.Debug|Any CPU.Build.0 = Debug|Any CPU
		{588DA574-1178-48BB-9FBA-288B5C50EBD7}.Debug|x86.ActiveCfg = Debug|x86
		{588DA574-1178-48BB-9FBA-288B5C50EBD7}.Debug|x86.Build.0 = Debug|x86
		{588DA574-1178-48BB-9FBA-288B5C50EBD7}.Release|Any CPU.ActiveCfg = Release|Any CPU
		{588DA574-1178-48BB-9FBA-288B5C50EBD7}.Release|Any CPU.Build.0 = Release|Any CPU
		{588DA574-1178-48BB-9FBA-288B5C50EBD7}.Release|x86.ActiveCfg = Release|x86
		{588DA574-1178-48BB-9FBA-288B5C50EBD7}.Release|x86.Build.0 = Release|x86
		{03105599-E84C-49BD-9D1E-A5A3E209A15D}.Debug|Any CPU.ActiveCfg = Debug|Any CPU
		{03105599-E84C-49BD-9D1E-A5A3E209A15D}.Debug|Any CPU.Build.0 = Debug|Any CPU
		{03105599-E84C-49BD-9D1E-A5A3E209A15D}.Debug|x86.ActiveCfg = Debug|x86
		{03105599-E84C-49BD-9D1E-A5A3E209A15D}.Debug|x86.Build.0 = Debug|x86
		{03105599-E84C-49BD-9D1E-A5A3E209A15D}.Release|Any CPU.ActiveCfg = Release|Any CPU
		{03105599-E84C-49BD-9D1E-A5A3E209A15D}.Release|Any CPU.Build.0 = Release|Any CPU
		{03105599-E84C-49BD-9D1E-A5A3E209A15D}.Release|x86.ActiveCfg = Release|x86
		{03105599-E84C-49BD-9D1E-A5A3E209A15D}.Release|x86.Build.0 = Release|x86
		{4C348AD3-8EFE-4447-9DA9-E89D7AFFA3D4}.Debug|Any CPU.ActiveCfg = Debug|Any CPU
		{4C348AD3-8EFE-4447-9DA9-E89D7AFFA3D4}.Debug|Any CPU.Build.0 = Debug|Any CPU
		{4C348AD3-8EFE-4447-9DA9-E89D7AFFA3D4}.Debug|x86.ActiveCfg = Debug|Any CPU
		{4C348AD3-8EFE-4447-9DA9-E89D7AFFA3D4}.Release|Any CPU.ActiveCfg = Release|Any CPU
		{4C348AD3-8EFE-4447-9DA9-E89D7AFFA3D4}.Release|Any CPU.Build.0 = Release|Any CPU
		{4C348AD3-8EFE-4447-9DA9-E89D7AFFA3D4}.Release|x86.ActiveCfg = Release|Any CPU
		{3658CD26-7287-4C22-B07A-943F78CF75D3}.Debug|Any CPU.ActiveCfg = Debug|Any CPU
		{3658CD26-7287-4C22-B07A-943F78CF75D3}.Debug|Any CPU.Build.0 = Debug|Any CPU
		{3658CD26-7287-4C22-B07A-943F78CF75D3}.Debug|x86.ActiveCfg = Debug|Any CPU
		{3658CD26-7287-4C22-B07A-943F78CF75D3}.Release|Any CPU.ActiveCfg = Release|Any CPU
		{3658CD26-7287-4C22-B07A-943F78CF75D3}.Release|Any CPU.Build.0 = Release|Any CPU
		{3658CD26-7287-4C22-B07A-943F78CF75D3}.Release|x86.ActiveCfg = Release|Any CPU
		{2B184FAF-3C67-4B50-9371-0E42CE3B020F}.Debug|Any CPU.ActiveCfg = Debug|Any CPU
		{2B184FAF-3C67-4B50-9371-0E42CE3B020F}.Debug|Any CPU.Build.0 = Debug|Any CPU
		{2B184FAF-3C67-4B50-9371-0E42CE3B020F}.Debug|x86.ActiveCfg = Debug|Any CPU
		{2B184FAF-3C67-4B50-9371-0E42CE3B020F}.Release|Any CPU.ActiveCfg = Release|Any CPU
		{2B184FAF-3C67-4B50-9371-0E42CE3B020F}.Release|Any CPU.Build.0 = Release|Any CPU
		{2B184FAF-3C67-4B50-9371-0E42CE3B020F}.Release|x86.ActiveCfg = Release|Any CPU
		{A27C878A-FCFC-41C5-8CB6-D89259296ADA}.Debug|Any CPU.ActiveCfg = Debug|Any CPU
		{A27C878A-FCFC-41C5-8CB6-D89259296ADA}.Debug|Any CPU.Build.0 = Debug|Any CPU
		{A27C878A-FCFC-41C5-8CB6-D89259296ADA}.Debug|x86.ActiveCfg = Debug|Any CPU
		{A27C878A-FCFC-41C5-8CB6-D89259296ADA}.Release|Any CPU.ActiveCfg = Release|Any CPU
		{A27C878A-FCFC-41C5-8CB6-D89259296ADA}.Release|Any CPU.Build.0 = Release|Any CPU
		{A27C878A-FCFC-41C5-8CB6-D89259296ADA}.Release|x86.ActiveCfg = Release|Any CPU
		{5850BCB1-2A2E-496D-9F20-7185EE324B2D}.Debug|Any CPU.ActiveCfg = Debug|Any CPU
		{5850BCB1-2A2E-496D-9F20-7185EE324B2D}.Debug|Any CPU.Build.0 = Debug|Any CPU
		{5850BCB1-2A2E-496D-9F20-7185EE324B2D}.Debug|x86.ActiveCfg = Debug|Any CPU
		{5850BCB1-2A2E-496D-9F20-7185EE324B2D}.Release|Any CPU.ActiveCfg = Release|Any CPU
		{5850BCB1-2A2E-496D-9F20-7185EE324B2D}.Release|Any CPU.Build.0 = Release|Any CPU
		{5850BCB1-2A2E-496D-9F20-7185EE324B2D}.Release|x86.ActiveCfg = Release|Any CPU
		{9D289E42-4074-48D8-B25E-FE63BAF3565F}.Debug|Any CPU.ActiveCfg = Debug|Any CPU
		{9D289E42-4074-48D8-B25E-FE63BAF3565F}.Debug|Any CPU.Build.0 = Debug|Any CPU
		{9D289E42-4074-48D8-B25E-FE63BAF3565F}.Debug|x86.ActiveCfg = Debug|Any CPU
		{9D289E42-4074-48D8-B25E-FE63BAF3565F}.Release|Any CPU.ActiveCfg = Release|Any CPU
		{9D289E42-4074-48D8-B25E-FE63BAF3565F}.Release|Any CPU.Build.0 = Release|Any CPU
		{9D289E42-4074-48D8-B25E-FE63BAF3565F}.Release|x86.ActiveCfg = Release|Any CPU
		{EDF85B7C-AA08-4512-B5CC-DD9F956346CE}.Debug|Any CPU.ActiveCfg = Debug|Any CPU
		{EDF85B7C-AA08-4512-B5CC-DD9F956346CE}.Debug|Any CPU.Build.0 = Debug|Any CPU
		{EDF85B7C-AA08-4512-B5CC-DD9F956346CE}.Debug|x86.ActiveCfg = Debug|Any CPU
		{EDF85B7C-AA08-4512-B5CC-DD9F956346CE}.Release|Any CPU.ActiveCfg = Release|Any CPU
		{EDF85B7C-AA08-4512-B5CC-DD9F956346CE}.Release|Any CPU.Build.0 = Release|Any CPU
		{EDF85B7C-AA08-4512-B5CC-DD9F956346CE}.Release|x86.ActiveCfg = Release|Any CPU
		{74029B8A-EB24-4B3A-B7F8-403BE90A3C1E}.Debug|Any CPU.ActiveCfg = Debug|Any CPU
		{74029B8A-EB24-4B3A-B7F8-403BE90A3C1E}.Debug|Any CPU.Build.0 = Debug|Any CPU
		{74029B8A-EB24-4B3A-B7F8-403BE90A3C1E}.Debug|x86.ActiveCfg = Debug|Any CPU
		{74029B8A-EB24-4B3A-B7F8-403BE90A3C1E}.Release|Any CPU.ActiveCfg = Release|Any CPU
		{74029B8A-EB24-4B3A-B7F8-403BE90A3C1E}.Release|Any CPU.Build.0 = Release|Any CPU
		{74029B8A-EB24-4B3A-B7F8-403BE90A3C1E}.Release|x86.ActiveCfg = Release|Any CPU
		{85258DDF-A2C6-4868-A9E3-213CA73CAD78}.Debug|Any CPU.ActiveCfg = Debug|Any CPU
		{85258DDF-A2C6-4868-A9E3-213CA73CAD78}.Debug|Any CPU.Build.0 = Debug|Any CPU
		{85258DDF-A2C6-4868-A9E3-213CA73CAD78}.Debug|x86.ActiveCfg = Debug|x86
		{85258DDF-A2C6-4868-A9E3-213CA73CAD78}.Debug|x86.Build.0 = Debug|x86
		{85258DDF-A2C6-4868-A9E3-213CA73CAD78}.Release|Any CPU.ActiveCfg = Release|Any CPU
		{85258DDF-A2C6-4868-A9E3-213CA73CAD78}.Release|Any CPU.Build.0 = Release|Any CPU
		{85258DDF-A2C6-4868-A9E3-213CA73CAD78}.Release|x86.ActiveCfg = Release|x86
		{85258DDF-A2C6-4868-A9E3-213CA73CAD78}.Release|x86.Build.0 = Release|x86
		{F88D4EDE-ED86-4FC0-946C-3BE9D5244CF3}.Debug|Any CPU.ActiveCfg = Debug|Any CPU
		{F88D4EDE-ED86-4FC0-946C-3BE9D5244CF3}.Debug|Any CPU.Build.0 = Debug|Any CPU
		{F88D4EDE-ED86-4FC0-946C-3BE9D5244CF3}.Debug|x86.ActiveCfg = Debug|Any CPU
		{F88D4EDE-ED86-4FC0-946C-3BE9D5244CF3}.Release|Any CPU.ActiveCfg = Release|Any CPU
		{F88D4EDE-ED86-4FC0-946C-3BE9D5244CF3}.Release|Any CPU.Build.0 = Release|Any CPU
		{F88D4EDE-ED86-4FC0-946C-3BE9D5244CF3}.Release|x86.ActiveCfg = Release|Any CPU
	EndGlobalSection
	GlobalSection(SolutionProperties) = preSolution
		HideSolutionNode = FALSE
	EndGlobalSection
	GlobalSection(NestedProjects) = preSolution
		{507D0FA5-82EA-40F5-9851-B9DA4EF8826F} = {16F881F2-CF57-4298-924C-92BDD29C1812}
		{79B2FCBB-EE1F-4867-890B-E7404FD83C12} = {C2885EA6-EA10-41AE-B752-9FE527D9AB4E}
		{588DA574-1178-48BB-9FBA-288B5C50EBD7} = {C2885EA6-EA10-41AE-B752-9FE527D9AB4E}
		{03105599-E84C-49BD-9D1E-A5A3E209A15D} = {BABB70FA-893E-49C1-8162-17B5BA2A1EDF}
		{4C348AD3-8EFE-4447-9DA9-E89D7AFFA3D4} = {BABB70FA-893E-49C1-8162-17B5BA2A1EDF}
		{3658CD26-7287-4C22-B07A-943F78CF75D3} = {62637F34-DADB-4BBF-AAED-6D91CAD7F8E4}
		{2B184FAF-3C67-4B50-9371-0E42CE3B020F} = {927272D3-10FE-494B-B893-8453A7523C8B}
		{A27C878A-FCFC-41C5-8CB6-D89259296ADA} = {B1186199-6E38-4B3F-9AC6-7B29B4358B2F}
		{5850BCB1-2A2E-496D-9F20-7185EE324B2D} = {BABB70FA-893E-49C1-8162-17B5BA2A1EDF}
		{9D289E42-4074-48D8-B25E-FE63BAF3565F} = {C2885EA6-EA10-41AE-B752-9FE527D9AB4E}
		{EDF85B7C-AA08-4512-B5CC-DD9F956346CE} = {C2885EA6-EA10-41AE-B752-9FE527D9AB4E}
		{74029B8A-EB24-4B3A-B7F8-403BE90A3C1E} = {16F881F2-CF57-4298-924C-92BDD29C1812}
		{85258DDF-A2C6-4868-A9E3-213CA73CAD78} = {16F881F2-CF57-4298-924C-92BDD29C1812}
		{F88D4EDE-ED86-4FC0-946C-3BE9D5244CF3} = {16F881F2-CF57-4298-924C-92BDD29C1812}
	EndGlobalSection
EndGlobal
